
Microsoft Visual Studio Solution File, Format Version 12.00
# Visual Studio 15
VisualStudioVersion = 15.0.27004.2008
MinimumVisualStudioVersion = 10.0.40219.1
Project("{FAE04EC0-301F-11D3-BF4B-00C04F79EFBC}") = "Task1", "Task1\Task1.csproj", "{0A3D0F7E-DADA-473D-B246-9F5FEC32ADEE}"
EndProject
Project("{FAE04EC0-301F-11D3-BF4B-00C04F79EFBC}") = "Task2", "Task2\Task2.csproj", "{F54AC02E-43D2-44FC-BEBD-9C3BAC0B2F59}"
EndProject
Project("{FAE04EC0-301F-11D3-BF4B-00C04F79EFBC}") = "Task03Library", "Task03Library\Task03Library.csproj", "{A17D7403-3B71-42C3-A786-851B1DBC5D37}"
EndProject
Project("{FAE04EC0-301F-11D3-BF4B-00C04F79EFBC}") = "Task3", "Task3\Task3.csproj", "{1DCFE451-D9F1-4485-B94F-1C2690AB0AA5}"
EndProject
Project("{FAE04EC0-301F-11D3-BF4B-00C04F79EFBC}") = "Task4", "Task4\Task4.csproj", "{3C296EE6-6D9A-4001-8EC1-FAADEABA5B04}"
EndProject
Global
	GlobalSection(SolutionConfigurationPlatforms) = preSolution
		Debug|Any CPU = Debug|Any CPU
		Release|Any CPU = Release|Any CPU
	EndGlobalSection
	GlobalSection(ProjectConfigurationPlatforms) = postSolution
		{0A3D0F7E-DADA-473D-B246-9F5FEC32ADEE}.Debug|Any CPU.ActiveCfg = Debug|Any CPU
		{0A3D0F7E-DADA-473D-B246-9F5FEC32ADEE}.Debug|Any CPU.Build.0 = Debug|Any CPU
		{0A3D0F7E-DADA-473D-B246-9F5FEC32ADEE}.Release|Any CPU.ActiveCfg = Release|Any CPU
		{0A3D0F7E-DADA-473D-B246-9F5FEC32ADEE}.Release|Any CPU.Build.0 = Release|Any CPU
		{F54AC02E-43D2-44FC-BEBD-9C3BAC0B2F59}.Debug|Any CPU.ActiveCfg = Debug|Any CPU
		{F54AC02E-43D2-44FC-BEBD-9C3BAC0B2F59}.Debug|Any CPU.Build.0 = Debug|Any CPU
		{F54AC02E-43D2-44FC-BEBD-9C3BAC0B2F59}.Release|Any CPU.ActiveCfg = Release|Any CPU
		{F54AC02E-43D2-44FC-BEBD-9C3BAC0B2F59}.Release|Any CPU.Build.0 = Release|Any CPU
		{A17D7403-3B71-42C3-A786-851B1DBC5D37}.Debug|Any CPU.ActiveCfg = Debug|Any CPU
		{A17D7403-3B71-42C3-A786-851B1DBC5D37}.Debug|Any CPU.Build.0 = Debug|Any CPU
		{A17D7403-3B71-42C3-A786-851B1DBC5D37}.Release|Any CPU.ActiveCfg = Release|Any CPU
		{A17D7403-3B71-42C3-A786-851B1DBC5D37}.Release|Any CPU.Build.0 = Release|Any CPU
		{1DCFE451-D9F1-4485-B94F-1C2690AB0AA5}.Debug|Any CPU.ActiveCfg = Debug|Any CPU
		{1DCFE451-D9F1-4485-B94F-1C2690AB0AA5}.Debug|Any CPU.Build.0 = Debug|Any CPU
		{1DCFE451-D9F1-4485-B94F-1C2690AB0AA5}.Release|Any CPU.ActiveCfg = Release|Any CPU
		{1DCFE451-D9F1-4485-B94F-1C2690AB0AA5}.Release|Any CPU.Build.0 = Release|Any CPU
		{3C296EE6-6D9A-4001-8EC1-FAADEABA5B04}.Debug|Any CPU.ActiveCfg = Debug|Any CPU
		{3C296EE6-6D9A-4001-8EC1-FAADEABA5B04}.Debug|Any CPU.Build.0 = Debug|Any CPU
		{3C296EE6-6D9A-4001-8EC1-FAADEABA5B04}.Release|Any CPU.ActiveCfg = Release|Any CPU
		{3C296EE6-6D9A-4001-8EC1-FAADEABA5B04}.Release|Any CPU.Build.0 = Release|Any CPU
	EndGlobalSection
	GlobalSection(SolutionProperties) = preSolution
		HideSolutionNode = FALSE
	EndGlobalSection
	GlobalSection(ExtensibilityGlobals) = postSolution
		SolutionGuid = {A51375AD-53FF-46CD-AAB0-896F53592CB1}
	EndGlobalSection
EndGlobal
