
Microsoft Visual Studio Solution File, Format Version 12.00
# Visual Studio 15
VisualStudioVersion = 15.0.28010.2026
MinimumVisualStudioVersion = 10.0.40219.1
Project("{FAE04EC0-301F-11D3-BF4B-00C04F79EFBC}") = "Task1", "Task1\Task1.csproj", "{4E6F2FB5-B11A-4E33-99B0-C8A39870B112}"
EndProject
Project("{FAE04EC0-301F-11D3-BF4B-00C04F79EFBC}") = "Task2", "Task2\Task2.csproj", "{8DC2354A-95F6-4A28-88F4-FF450CC09BAA}"
EndProject
Project("{FAE04EC0-301F-11D3-BF4B-00C04F79EFBC}") = "Task3", "Task3\Task3.csproj", "{217EB147-CAA6-487E-B719-937F7CB97EA2}"
EndProject
Global
	GlobalSection(SolutionConfigurationPlatforms) = preSolution
		Debug|Any CPU = Debug|Any CPU
		Release|Any CPU = Release|Any CPU
	EndGlobalSection
	GlobalSection(ProjectConfigurationPlatforms) = postSolution
		{4E6F2FB5-B11A-4E33-99B0-C8A39870B112}.Debug|Any CPU.ActiveCfg = Debug|Any CPU
		{4E6F2FB5-B11A-4E33-99B0-C8A39870B112}.Debug|Any CPU.Build.0 = Debug|Any CPU
		{4E6F2FB5-B11A-4E33-99B0-C8A39870B112}.Release|Any CPU.ActiveCfg = Release|Any CPU
		{4E6F2FB5-B11A-4E33-99B0-C8A39870B112}.Release|Any CPU.Build.0 = Release|Any CPU
		{8DC2354A-95F6-4A28-88F4-FF450CC09BAA}.Debug|Any CPU.ActiveCfg = Debug|Any CPU
		{8DC2354A-95F6-4A28-88F4-FF450CC09BAA}.Debug|Any CPU.Build.0 = Debug|Any CPU
		{8DC2354A-95F6-4A28-88F4-FF450CC09BAA}.Release|Any CPU.ActiveCfg = Release|Any CPU
		{8DC2354A-95F6-4A28-88F4-FF450CC09BAA}.Release|Any CPU.Build.0 = Release|Any CPU
		{217EB147-CAA6-487E-B719-937F7CB97EA2}.Debug|Any CPU.ActiveCfg = Debug|Any CPU
		{217EB147-CAA6-487E-B719-937F7CB97EA2}.Debug|Any CPU.Build.0 = Debug|Any CPU
		{217EB147-CAA6-487E-B719-937F7CB97EA2}.Release|Any CPU.ActiveCfg = Release|Any CPU
		{217EB147-CAA6-487E-B719-937F7CB97EA2}.Release|Any CPU.Build.0 = Release|Any CPU
	EndGlobalSection
	GlobalSection(SolutionProperties) = preSolution
		HideSolutionNode = FALSE
	EndGlobalSection
	GlobalSection(ExtensibilityGlobals) = postSolution
		SolutionGuid = {7705E516-CD92-4ED7-A146-51D983AD0917}
	EndGlobalSection
EndGlobal
